// !$*UTF8*$!
{
	archiveVersion = 1;
	classes = {
	};
	objectVersion = 55;
	objects = {

/* Begin PBXBuildFile section */
		143680AB2815F97E0063306F /* CitySearchResultVC.swift in Sources */ = {isa = PBXBuildFile; fileRef = 143680AA2815F97E0063306F /* CitySearchResultVC.swift */; };
		1437A26B28065935007DA783 /* AppDelegate.swift in Sources */ = {isa = PBXBuildFile; fileRef = 1437A26A28065935007DA783 /* AppDelegate.swift */; };
		1437A26D28065935007DA783 /* SceneDelegate.swift in Sources */ = {isa = PBXBuildFile; fileRef = 1437A26C28065935007DA783 /* SceneDelegate.swift */; };
		1437A26F28065935007DA783 /* CitiesListVC.swift in Sources */ = {isa = PBXBuildFile; fileRef = 1437A26E28065935007DA783 /* CitiesListVC.swift */; };
		1437A27228065935007DA783 /* Main.storyboard in Resources */ = {isa = PBXBuildFile; fileRef = 1437A27028065935007DA783 /* Main.storyboard */; };
		1437A27428065936007DA783 /* Assets.xcassets in Resources */ = {isa = PBXBuildFile; fileRef = 1437A27328065936007DA783 /* Assets.xcassets */; };
		1437A27728065936007DA783 /* LaunchScreen.storyboard in Resources */ = {isa = PBXBuildFile; fileRef = 1437A27528065936007DA783 /* LaunchScreen.storyboard */; };
		143C13CD2A70CB880071DF62 /* WeatherDataModel.xcdatamodeld in Sources */ = {isa = PBXBuildFile; fileRef = 143680B02819EE8A0063306F /* WeatherDataModel.xcdatamodeld */; };
		1489F0792A6E1BEA003542D8 /* WeatherDataCenter.swift in Sources */ = {isa = PBXBuildFile; fileRef = 1489F0782A6E1BEA003542D8 /* WeatherDataCenter.swift */; };
		148FEC9829CFF9BC00CCE158 /* CoreDataStack.swift in Sources */ = {isa = PBXBuildFile; fileRef = 148FEC9729CFF9BC00CCE158 /* CoreDataStack.swift */; };
		148FECB029D3E84900CCE158 /* CityWeatherViewController.swift in Sources */ = {isa = PBXBuildFile; fileRef = 148FECAF29D3E84900CCE158 /* CityWeatherViewController.swift */; };
		148FECB329D3EA5500CCE158 /* TopWeatherCell.swift in Sources */ = {isa = PBXBuildFile; fileRef = 148FECB229D3EA5500CCE158 /* TopWeatherCell.swift */; };
		148FECB529D3EA9500CCE158 /* HourlyWeatherCell.swift in Sources */ = {isa = PBXBuildFile; fileRef = 148FECB429D3EA9500CCE158 /* HourlyWeatherCell.swift */; };
		148FECB729D3EAB800CCE158 /* DailyWeatherCell.swift in Sources */ = {isa = PBXBuildFile; fileRef = 148FECB629D3EAB800CCE158 /* DailyWeatherCell.swift */; };
		149FED242A8C7CA40098E9A2 /* Date+Extension.swift in Sources */ = {isa = PBXBuildFile; fileRef = 149FED232A8C7CA40098E9A2 /* Date+Extension.swift */; };
		14A8280E28066BCA0062BE42 /* CitiesListCollectionViewCell.swift in Sources */ = {isa = PBXBuildFile; fileRef = 14A8280D28066BCA0062BE42 /* CitiesListCollectionViewCell.swift */; };
		14E162F92A85CFA500CF6814 /* String+Extension.swift in Sources */ = {isa = PBXBuildFile; fileRef = 14E162F82A85CFA500CF6814 /* String+Extension.swift */; };
		14E7F4CC29EE4E250036D099 /* WeatherHeaderCollectionReusableView.swift in Sources */ = {isa = PBXBuildFile; fileRef = 14E7F4CB29EE4E240036D099 /* WeatherHeaderCollectionReusableView.swift */; };
		14E7F4CE29EE5C300036D099 /* HourlyWeatherView.swift in Sources */ = {isa = PBXBuildFile; fileRef = 14E7F4CD29EE5C300036D099 /* HourlyWeatherView.swift */; };
		DC2CEBBD3AE99F4B9ACF67E2 /* libPods-WeatherMeApp_iOS.a in Frameworks */ = {isa = PBXBuildFile; fileRef = 87CA8CEBE1764CC77DA7ACCB /* libPods-WeatherMeApp_iOS.a */; };
/* End PBXBuildFile section */

/* Begin PBXFileReference section */
		143680AA2815F97E0063306F /* CitySearchResultVC.swift */ = {isa = PBXFileReference; lastKnownFileType = sourcecode.swift; path = CitySearchResultVC.swift; sourceTree = "<group>"; };
		143680B12819EE8A0063306F /* WeatherDataModel.xcdatamodel */ = {isa = PBXFileReference; lastKnownFileType = wrapper.xcdatamodel; path = WeatherDataModel.xcdatamodel; sourceTree = "<group>"; };
		1437A26728065934007DA783 /* WeatherMeApp_iOS.app */ = {isa = PBXFileReference; explicitFileType = wrapper.application; includeInIndex = 0; path = WeatherMeApp_iOS.app; sourceTree = BUILT_PRODUCTS_DIR; };
		1437A26A28065935007DA783 /* AppDelegate.swift */ = {isa = PBXFileReference; lastKnownFileType = sourcecode.swift; path = AppDelegate.swift; sourceTree = "<group>"; };
		1437A26C28065935007DA783 /* SceneDelegate.swift */ = {isa = PBXFileReference; lastKnownFileType = sourcecode.swift; path = SceneDelegate.swift; sourceTree = "<group>"; };
		1437A26E28065935007DA783 /* CitiesListVC.swift */ = {isa = PBXFileReference; lastKnownFileType = sourcecode.swift; path = CitiesListVC.swift; sourceTree = "<group>"; };
		1437A27128065935007DA783 /* Base */ = {isa = PBXFileReference; lastKnownFileType = file.storyboard; name = Base; path = Base.lproj/Main.storyboard; sourceTree = "<group>"; };
		1437A27328065936007DA783 /* Assets.xcassets */ = {isa = PBXFileReference; lastKnownFileType = folder.assetcatalog; path = Assets.xcassets; sourceTree = "<group>"; };
		1437A27628065936007DA783 /* Base */ = {isa = PBXFileReference; lastKnownFileType = file.storyboard; name = Base; path = Base.lproj/LaunchScreen.storyboard; sourceTree = "<group>"; };
		1437A27828065936007DA783 /* Info.plist */ = {isa = PBXFileReference; lastKnownFileType = text.plist.xml; path = Info.plist; sourceTree = "<group>"; };
		143C13C92A70C93F0071DF62 /* City+CoreDataProperties.swift */ = {isa = PBXFileReference; fileEncoding = 4; lastKnownFileType = sourcecode.swift; path = "City+CoreDataProperties.swift"; sourceTree = "<group>"; };
		143C13CA2A70C93F0071DF62 /* City+CoreDataClass.swift */ = {isa = PBXFileReference; fileEncoding = 4; lastKnownFileType = sourcecode.swift; path = "City+CoreDataClass.swift"; sourceTree = "<group>"; };
		1489F0772A6E1A1E003542D8 /* WeatherMeApp_iOS.entitlements */ = {isa = PBXFileReference; lastKnownFileType = text.plist.entitlements; path = WeatherMeApp_iOS.entitlements; sourceTree = "<group>"; };
		1489F0782A6E1BEA003542D8 /* WeatherDataCenter.swift */ = {isa = PBXFileReference; lastKnownFileType = sourcecode.swift; path = WeatherDataCenter.swift; sourceTree = "<group>"; };
		148FEC9729CFF9BC00CCE158 /* CoreDataStack.swift */ = {isa = PBXFileReference; lastKnownFileType = sourcecode.swift; path = CoreDataStack.swift; sourceTree = "<group>"; };
		148FECAF29D3E84900CCE158 /* CityWeatherViewController.swift */ = {isa = PBXFileReference; lastKnownFileType = sourcecode.swift; path = CityWeatherViewController.swift; sourceTree = "<group>"; };
		148FECB229D3EA5500CCE158 /* TopWeatherCell.swift */ = {isa = PBXFileReference; lastKnownFileType = sourcecode.swift; path = TopWeatherCell.swift; sourceTree = "<group>"; };
		148FECB429D3EA9500CCE158 /* HourlyWeatherCell.swift */ = {isa = PBXFileReference; lastKnownFileType = sourcecode.swift; path = HourlyWeatherCell.swift; sourceTree = "<group>"; };
		148FECB629D3EAB800CCE158 /* DailyWeatherCell.swift */ = {isa = PBXFileReference; lastKnownFileType = sourcecode.swift; path = DailyWeatherCell.swift; sourceTree = "<group>"; };
		149FED232A8C7CA40098E9A2 /* Date+Extension.swift */ = {isa = PBXFileReference; lastKnownFileType = sourcecode.swift; path = "Date+Extension.swift"; sourceTree = "<group>"; };
		14A8280D28066BCA0062BE42 /* CitiesListCollectionViewCell.swift */ = {isa = PBXFileReference; lastKnownFileType = sourcecode.swift; path = CitiesListCollectionViewCell.swift; sourceTree = "<group>"; };
		14A8280F280674BA0062BE42 /* .swiftlint.yml */ = {isa = PBXFileReference; lastKnownFileType = text.yaml; path = .swiftlint.yml; sourceTree = SOURCE_ROOT; };
		14E162F82A85CFA500CF6814 /* String+Extension.swift */ = {isa = PBXFileReference; lastKnownFileType = sourcecode.swift; path = "String+Extension.swift"; sourceTree = "<group>"; };
		14E7F4CB29EE4E240036D099 /* WeatherHeaderCollectionReusableView.swift */ = {isa = PBXFileReference; lastKnownFileType = sourcecode.swift; path = WeatherHeaderCollectionReusableView.swift; sourceTree = "<group>"; };
		14E7F4CD29EE5C300036D099 /* HourlyWeatherView.swift */ = {isa = PBXFileReference; lastKnownFileType = sourcecode.swift; path = HourlyWeatherView.swift; sourceTree = "<group>"; };
		5D09800A8E2243F2A2DE9C35 /* Pods-WeatherMeApp_iOS.release.xcconfig */ = {isa = PBXFileReference; includeInIndex = 1; lastKnownFileType = text.xcconfig; name = "Pods-WeatherMeApp_iOS.release.xcconfig"; path = "Target Support Files/Pods-WeatherMeApp_iOS/Pods-WeatherMeApp_iOS.release.xcconfig"; sourceTree = "<group>"; };
		87CA8CEBE1764CC77DA7ACCB /* libPods-WeatherMeApp_iOS.a */ = {isa = PBXFileReference; explicitFileType = archive.ar; includeInIndex = 0; path = "libPods-WeatherMeApp_iOS.a"; sourceTree = BUILT_PRODUCTS_DIR; };
		D1DF0AB5B8981854440BE402 /* Pods-WeatherMeApp_iOS.debug.xcconfig */ = {isa = PBXFileReference; includeInIndex = 1; lastKnownFileType = text.xcconfig; name = "Pods-WeatherMeApp_iOS.debug.xcconfig"; path = "Target Support Files/Pods-WeatherMeApp_iOS/Pods-WeatherMeApp_iOS.debug.xcconfig"; sourceTree = "<group>"; };
/* End PBXFileReference section */

/* Begin PBXFrameworksBuildPhase section */
		1437A26428065934007DA783 /* Frameworks */ = {
			isa = PBXFrameworksBuildPhase;
			buildActionMask = 2147483647;
			files = (
				DC2CEBBD3AE99F4B9ACF67E2 /* libPods-WeatherMeApp_iOS.a in Frameworks */,
			);
			runOnlyForDeploymentPostprocessing = 0;
		};
/* End PBXFrameworksBuildPhase section */

/* Begin PBXGroup section */
		04260112E78F5B9ACAF76D6D /* Pods */ = {
			isa = PBXGroup;
			children = (
				D1DF0AB5B8981854440BE402 /* Pods-WeatherMeApp_iOS.debug.xcconfig */,
				5D09800A8E2243F2A2DE9C35 /* Pods-WeatherMeApp_iOS.release.xcconfig */,
			);
			path = Pods;
			sourceTree = "<group>";
		};
		143680B32819EE930063306F /* Model */ = {
			isa = PBXGroup;
			children = (
				143C13CA2A70C93F0071DF62 /* City+CoreDataClass.swift */,
				143C13C92A70C93F0071DF62 /* City+CoreDataProperties.swift */,
				143680B02819EE8A0063306F /* WeatherDataModel.xcdatamodeld */,
			);
			path = Model;
			sourceTree = "<group>";
		};
		1437A25E28065934007DA783 = {
			isa = PBXGroup;
			children = (
				1437A26928065934007DA783 /* WeatherMeApp_iOS */,
				1437A26828065934007DA783 /* Products */,
				04260112E78F5B9ACAF76D6D /* Pods */,
				23606373FF63D0513F6E9D63 /* Frameworks */,
			);
			sourceTree = "<group>";
		};
		1437A26828065934007DA783 /* Products */ = {
			isa = PBXGroup;
			children = (
				1437A26728065934007DA783 /* WeatherMeApp_iOS.app */,
			);
			name = Products;
			sourceTree = "<group>";
		};
		1437A26928065934007DA783 /* WeatherMeApp_iOS */ = {
			isa = PBXGroup;
			children = (
				1489F0772A6E1A1E003542D8 /* WeatherMeApp_iOS.entitlements */,
				14A8280F280674BA0062BE42 /* .swiftlint.yml */,
				1437A26A28065935007DA783 /* AppDelegate.swift */,
				1437A26C28065935007DA783 /* SceneDelegate.swift */,
				14E162F82A85CFA500CF6814 /* String+Extension.swift */,
				149FED232A8C7CA40098E9A2 /* Date+Extension.swift */,
				146D29732A60FE400060D731 /* Networking */,
				148FEC9929CFF9C800CCE158 /* CoreData */,
				148FECAE29D3E7DC00CCE158 /* ViewControllers */,
				1437A27028065935007DA783 /* Main.storyboard */,
				1437A27328065936007DA783 /* Assets.xcassets */,
				1437A27528065936007DA783 /* LaunchScreen.storyboard */,
				1437A27828065936007DA783 /* Info.plist */,
				143680B32819EE930063306F /* Model */,
			);
			path = WeatherMeApp_iOS;
			sourceTree = "<group>";
		};
		146D29732A60FE400060D731 /* Networking */ = {
			isa = PBXGroup;
			children = (
				1489F0782A6E1BEA003542D8 /* WeatherDataCenter.swift */,
			);
			path = Networking;
			sourceTree = "<group>";
		};
		148FEC9929CFF9C800CCE158 /* CoreData */ = {
			isa = PBXGroup;
			children = (
				148FEC9729CFF9BC00CCE158 /* CoreDataStack.swift */,
			);
			path = CoreData;
			sourceTree = "<group>";
		};
		148FECAE29D3E7DC00CCE158 /* ViewControllers */ = {
			isa = PBXGroup;
			children = (
				14E162F52A81A62400CF6814 /* CitiesListVC */,
				143680AA2815F97E0063306F /* CitySearchResultVC.swift */,
				148FECB129D3EA1200CCE158 /* CityWeatherVC */,
			);
			path = ViewControllers;
			sourceTree = "<group>";
		};
		148FECB129D3EA1200CCE158 /* CityWeatherVC */ = {
			isa = PBXGroup;
			children = (
				148FECAF29D3E84900CCE158 /* CityWeatherViewController.swift */,
				14E7F4CB29EE4E240036D099 /* WeatherHeaderCollectionReusableView.swift */,
				148FECB229D3EA5500CCE158 /* TopWeatherCell.swift */,
				148FECB429D3EA9500CCE158 /* HourlyWeatherCell.swift */,
				148FECB629D3EAB800CCE158 /* DailyWeatherCell.swift */,
				14E7F4CD29EE5C300036D099 /* HourlyWeatherView.swift */,
			);
			path = CityWeatherVC;
			sourceTree = "<group>";
		};
		14E162F52A81A62400CF6814 /* CitiesListVC */ = {
			isa = PBXGroup;
			children = (
				1437A26E28065935007DA783 /* CitiesListVC.swift */,
				14A8280D28066BCA0062BE42 /* CitiesListCollectionViewCell.swift */,
			);
			path = CitiesListVC;
			sourceTree = "<group>";
		};
		23606373FF63D0513F6E9D63 /* Frameworks */ = {
			isa = PBXGroup;
			children = (
				87CA8CEBE1764CC77DA7ACCB /* libPods-WeatherMeApp_iOS.a */,
			);
			name = Frameworks;
			sourceTree = "<group>";
		};
/* End PBXGroup section */

/* Begin PBXNativeTarget section */
		1437A26628065934007DA783 /* WeatherMeApp_iOS */ = {
			isa = PBXNativeTarget;
			buildConfigurationList = 1437A27B28065936007DA783 /* Build configuration list for PBXNativeTarget "WeatherMeApp_iOS" */;
			buildPhases = (
				E3D5B962C301881D52997822 /* [CP] Check Pods Manifest.lock */,
				1437A26328065934007DA783 /* Sources */,
				1437A26428065934007DA783 /* Frameworks */,
				1437A26528065934007DA783 /* Resources */,
				14A8280C280664670062BE42 /* ShellScript */,
			);
			buildRules = (
			);
			dependencies = (
			);
			name = WeatherMeApp_iOS;
			productName = WeatherMeApp_iOS;
			productReference = 1437A26728065934007DA783 /* WeatherMeApp_iOS.app */;
			productType = "com.apple.product-type.application";
		};
/* End PBXNativeTarget section */

/* Begin PBXProject section */
		1437A25F28065934007DA783 /* Project object */ = {
			isa = PBXProject;
			attributes = {
				BuildIndependentTargetsInParallel = 1;
				LastSwiftUpdateCheck = 1320;
				LastUpgradeCheck = 1320;
				TargetAttributes = {
					1437A26628065934007DA783 = {
						CreatedOnToolsVersion = 13.2.1;
					};
				};
			};
			buildConfigurationList = 1437A26228065934007DA783 /* Build configuration list for PBXProject "WeatherMeApp_iOS" */;
			compatibilityVersion = "Xcode 13.0";
			developmentRegion = en;
			hasScannedForEncodings = 0;
			knownRegions = (
				en,
				Base,
			);
			mainGroup = 1437A25E28065934007DA783;
			productRefGroup = 1437A26828065934007DA783 /* Products */;
			projectDirPath = "";
			projectRoot = "";
			targets = (
				1437A26628065934007DA783 /* WeatherMeApp_iOS */,
			);
		};
/* End PBXProject section */

/* Begin PBXResourcesBuildPhase section */
		1437A26528065934007DA783 /* Resources */ = {
			isa = PBXResourcesBuildPhase;
			buildActionMask = 2147483647;
			files = (
				1437A27728065936007DA783 /* LaunchScreen.storyboard in Resources */,
				1437A27428065936007DA783 /* Assets.xcassets in Resources */,
				1437A27228065935007DA783 /* Main.storyboard in Resources */,
			);
			runOnlyForDeploymentPostprocessing = 0;
		};
/* End PBXResourcesBuildPhase section */

/* Begin PBXShellScriptBuildPhase section */
		14A8280C280664670062BE42 /* ShellScript */ = {
			isa = PBXShellScriptBuildPhase;
			buildActionMask = 2147483647;
			files = (
			);
			inputFileListPaths = (
			);
			inputPaths = (
			);
			outputFileListPaths = (
			);
			outputPaths = (
			);
			runOnlyForDeploymentPostprocessing = 0;
			shellPath = /bin/sh;
			shellScript = "# Type a script or drag a script file from your workspace to insert its path.\n# \"${PODS_ROOT}/SwiftLint/swiftlint\"\n";
		};
		E3D5B962C301881D52997822 /* [CP] Check Pods Manifest.lock */ = {
			isa = PBXShellScriptBuildPhase;
			buildActionMask = 2147483647;
			files = (
			);
			inputFileListPaths = (
			);
			inputPaths = (
				"${PODS_PODFILE_DIR_PATH}/Podfile.lock",
				"${PODS_ROOT}/Manifest.lock",
			);
			name = "[CP] Check Pods Manifest.lock";
			outputFileListPaths = (
			);
			outputPaths = (
				"$(DERIVED_FILE_DIR)/Pods-WeatherMeApp_iOS-checkManifestLockResult.txt",
			);
			runOnlyForDeploymentPostprocessing = 0;
			shellPath = /bin/sh;
			shellScript = "diff \"${PODS_PODFILE_DIR_PATH}/Podfile.lock\" \"${PODS_ROOT}/Manifest.lock\" > /dev/null\nif [ $? != 0 ] ; then\n    # print error to STDERR\n    echo \"error: The sandbox is not in sync with the Podfile.lock. Run 'pod install' or update your CocoaPods installation.\" >&2\n    exit 1\nfi\n# This output is used by Xcode 'outputs' to avoid re-running this script phase.\necho \"SUCCESS\" > \"${SCRIPT_OUTPUT_FILE_0}\"\n";
			showEnvVarsInLog = 0;
		};
/* End PBXShellScriptBuildPhase section */

/* Begin PBXSourcesBuildPhase section */
		1437A26328065934007DA783 /* Sources */ = {
			isa = PBXSourcesBuildPhase;
			buildActionMask = 2147483647;
			files = (
				149FED242A8C7CA40098E9A2 /* Date+Extension.swift in Sources */,
				143C13CD2A70CB880071DF62 /* WeatherDataModel.xcdatamodeld in Sources */,
				148FECB329D3EA5500CCE158 /* TopWeatherCell.swift in Sources */,
				1489F0792A6E1BEA003542D8 /* WeatherDataCenter.swift in Sources */,
				14E7F4CE29EE5C300036D099 /* HourlyWeatherView.swift in Sources */,
				148FECB529D3EA9500CCE158 /* HourlyWeatherCell.swift in Sources */,
				148FEC9829CFF9BC00CCE158 /* CoreDataStack.swift in Sources */,
				148FECB029D3E84900CCE158 /* CityWeatherViewController.swift in Sources */,
				1437A26F28065935007DA783 /* CitiesListVC.swift in Sources */,
				14A8280E28066BCA0062BE42 /* CitiesListCollectionViewCell.swift in Sources */,
				1437A26B28065935007DA783 /* AppDelegate.swift in Sources */,
				143680AB2815F97E0063306F /* CitySearchResultVC.swift in Sources */,
				148FECB729D3EAB800CCE158 /* DailyWeatherCell.swift in Sources */,
				1437A26D28065935007DA783 /* SceneDelegate.swift in Sources */,
				14E162F92A85CFA500CF6814 /* String+Extension.swift in Sources */,
				14E7F4CC29EE4E250036D099 /* WeatherHeaderCollectionReusableView.swift in Sources */,
			);
			runOnlyForDeploymentPostprocessing = 0;
		};
/* End PBXSourcesBuildPhase section */

/* Begin PBXVariantGroup section */
		1437A27028065935007DA783 /* Main.storyboard */ = {
			isa = PBXVariantGroup;
			children = (
				1437A27128065935007DA783 /* Base */,
			);
			name = Main.storyboard;
			sourceTree = "<group>";
		};
		1437A27528065936007DA783 /* LaunchScreen.storyboard */ = {
			isa = PBXVariantGroup;
			children = (
				1437A27628065936007DA783 /* Base */,
			);
			name = LaunchScreen.storyboard;
			sourceTree = "<group>";
		};
/* End PBXVariantGroup section */

/* Begin XCBuildConfiguration section */
		1437A27928065936007DA783 /* Debug */ = {
			isa = XCBuildConfiguration;
			buildSettings = {
				ALWAYS_SEARCH_USER_PATHS = NO;
				CLANG_ANALYZER_NONNULL = YES;
				CLANG_ANALYZER_NUMBER_OBJECT_CONVERSION = YES_AGGRESSIVE;
				CLANG_CXX_LANGUAGE_STANDARD = "gnu++17";
				CLANG_CXX_LIBRARY = "libc++";
				CLANG_ENABLE_MODULES = YES;
				CLANG_ENABLE_OBJC_ARC = YES;
				CLANG_ENABLE_OBJC_WEAK = YES;
				CLANG_WARN_BLOCK_CAPTURE_AUTORELEASING = YES;
				CLANG_WARN_BOOL_CONVERSION = YES;
				CLANG_WARN_COMMA = YES;
				CLANG_WARN_CONSTANT_CONVERSION = YES;
				CLANG_WARN_DEPRECATED_OBJC_IMPLEMENTATIONS = YES;
				CLANG_WARN_DIRECT_OBJC_ISA_USAGE = YES_ERROR;
				CLANG_WARN_DOCUMENTATION_COMMENTS = YES;
				CLANG_WARN_EMPTY_BODY = YES;
				CLANG_WARN_ENUM_CONVERSION = YES;
				CLANG_WARN_INFINITE_RECURSION = YES;
				CLANG_WARN_INT_CONVERSION = YES;
				CLANG_WARN_NON_LITERAL_NULL_CONVERSION = YES;
				CLANG_WARN_OBJC_IMPLICIT_RETAIN_SELF = YES;
				CLANG_WARN_OBJC_LITERAL_CONVERSION = YES;
				CLANG_WARN_OBJC_ROOT_CLASS = YES_ERROR;
				CLANG_WARN_QUOTED_INCLUDE_IN_FRAMEWORK_HEADER = YES;
				CLANG_WARN_RANGE_LOOP_ANALYSIS = YES;
				CLANG_WARN_STRICT_PROTOTYPES = YES;
				CLANG_WARN_SUSPICIOUS_MOVE = YES;
				CLANG_WARN_UNGUARDED_AVAILABILITY = YES_AGGRESSIVE;
				CLANG_WARN_UNREACHABLE_CODE = YES;
				CLANG_WARN__DUPLICATE_METHOD_MATCH = YES;
				COPY_PHASE_STRIP = NO;
				DEBUG_INFORMATION_FORMAT = dwarf;
				ENABLE_STRICT_OBJC_MSGSEND = YES;
				ENABLE_TESTABILITY = YES;
				GCC_C_LANGUAGE_STANDARD = gnu11;
				GCC_DYNAMIC_NO_PIC = NO;
				GCC_NO_COMMON_BLOCKS = YES;
				GCC_OPTIMIZATION_LEVEL = 0;
				GCC_PREPROCESSOR_DEFINITIONS = (
					"DEBUG=1",
					"$(inherited)",
				);
				GCC_WARN_64_TO_32_BIT_CONVERSION = YES;
				GCC_WARN_ABOUT_RETURN_TYPE = YES_ERROR;
				GCC_WARN_UNDECLARED_SELECTOR = YES;
				GCC_WARN_UNINITIALIZED_AUTOS = YES_AGGRESSIVE;
				GCC_WARN_UNUSED_FUNCTION = YES;
				GCC_WARN_UNUSED_VARIABLE = YES;
				IPHONEOS_DEPLOYMENT_TARGET = 15.2;
				MTL_ENABLE_DEBUG_INFO = INCLUDE_SOURCE;
				MTL_FAST_MATH = YES;
				ONLY_ACTIVE_ARCH = YES;
				SDKROOT = iphoneos;
				SWIFT_ACTIVE_COMPILATION_CONDITIONS = DEBUG;
				SWIFT_OPTIMIZATION_LEVEL = "-Onone";
			};
			name = Debug;
		};
		1437A27A28065936007DA783 /* Release */ = {
			isa = XCBuildConfiguration;
			buildSettings = {
				ALWAYS_SEARCH_USER_PATHS = NO;
				CLANG_ANALYZER_NONNULL = YES;
				CLANG_ANALYZER_NUMBER_OBJECT_CONVERSION = YES_AGGRESSIVE;
				CLANG_CXX_LANGUAGE_STANDARD = "gnu++17";
				CLANG_CXX_LIBRARY = "libc++";
				CLANG_ENABLE_MODULES = YES;
				CLANG_ENABLE_OBJC_ARC = YES;
				CLANG_ENABLE_OBJC_WEAK = YES;
				CLANG_WARN_BLOCK_CAPTURE_AUTORELEASING = YES;
				CLANG_WARN_BOOL_CONVERSION = YES;
				CLANG_WARN_COMMA = YES;
				CLANG_WARN_CONSTANT_CONVERSION = YES;
				CLANG_WARN_DEPRECATED_OBJC_IMPLEMENTATIONS = YES;
				CLANG_WARN_DIRECT_OBJC_ISA_USAGE = YES_ERROR;
				CLANG_WARN_DOCUMENTATION_COMMENTS = YES;
				CLANG_WARN_EMPTY_BODY = YES;
				CLANG_WARN_ENUM_CONVERSION = YES;
				CLANG_WARN_INFINITE_RECURSION = YES;
				CLANG_WARN_INT_CONVERSION = YES;
				CLANG_WARN_NON_LITERAL_NULL_CONVERSION = YES;
				CLANG_WARN_OBJC_IMPLICIT_RETAIN_SELF = YES;
				CLANG_WARN_OBJC_LITERAL_CONVERSION = YES;
				CLANG_WARN_OBJC_ROOT_CLASS = YES_ERROR;
				CLANG_WARN_QUOTED_INCLUDE_IN_FRAMEWORK_HEADER = YES;
				CLANG_WARN_RANGE_LOOP_ANALYSIS = YES;
				CLANG_WARN_STRICT_PROTOTYPES = YES;
				CLANG_WARN_SUSPICIOUS_MOVE = YES;
				CLANG_WARN_UNGUARDED_AVAILABILITY = YES_AGGRESSIVE;
				CLANG_WARN_UNREACHABLE_CODE = YES;
				CLANG_WARN__DUPLICATE_METHOD_MATCH = YES;
				COPY_PHASE_STRIP = NO;
				DEBUG_INFORMATION_FORMAT = "dwarf-with-dsym";
				ENABLE_NS_ASSERTIONS = NO;
				ENABLE_STRICT_OBJC_MSGSEND = YES;
				GCC_C_LANGUAGE_STANDARD = gnu11;
				GCC_NO_COMMON_BLOCKS = YES;
				GCC_WARN_64_TO_32_BIT_CONVERSION = YES;
				GCC_WARN_ABOUT_RETURN_TYPE = YES_ERROR;
				GCC_WARN_UNDECLARED_SELECTOR = YES;
				GCC_WARN_UNINITIALIZED_AUTOS = YES_AGGRESSIVE;
				GCC_WARN_UNUSED_FUNCTION = YES;
				GCC_WARN_UNUSED_VARIABLE = YES;
				IPHONEOS_DEPLOYMENT_TARGET = 15.2;
				MTL_ENABLE_DEBUG_INFO = NO;
				MTL_FAST_MATH = YES;
				SDKROOT = iphoneos;
				SWIFT_COMPILATION_MODE = wholemodule;
				SWIFT_OPTIMIZATION_LEVEL = "-O";
				VALIDATE_PRODUCT = YES;
			};
			name = Release;
		};
		1437A27C28065936007DA783 /* Debug */ = {
			isa = XCBuildConfiguration;
			baseConfigurationReference = D1DF0AB5B8981854440BE402 /* Pods-WeatherMeApp_iOS.debug.xcconfig */;
			buildSettings = {
				ASSETCATALOG_COMPILER_APPICON_NAME = AppIcon;
				ASSETCATALOG_COMPILER_GLOBAL_ACCENT_COLOR_NAME = AccentColor;
				CODE_SIGN_ENTITLEMENTS = WeatherMeApp_iOS/WeatherMeApp_iOS.entitlements;
				CODE_SIGN_STYLE = Automatic;
				CURRENT_PROJECT_VERSION = 1;
				DEVELOPMENT_TEAM = U9A58LLD3M;
				GENERATE_INFOPLIST_FILE = YES;
				INFOPLIST_FILE = WeatherMeApp_iOS/Info.plist;
				INFOPLIST_KEY_UIApplicationSupportsIndirectInputEvents = YES;
				INFOPLIST_KEY_UILaunchStoryboardName = LaunchScreen;
				INFOPLIST_KEY_UIMainStoryboardFile = Main;
				INFOPLIST_KEY_UISupportedInterfaceOrientations = UIInterfaceOrientationPortrait;
				INFOPLIST_KEY_UISupportedInterfaceOrientations_iPad = "UIInterfaceOrientationPortrait UIInterfaceOrientationPortraitUpsideDown UIInterfaceOrientationLandscapeLeft UIInterfaceOrientationLandscapeRight";
				INFOPLIST_KEY_UISupportedInterfaceOrientations_iPhone = "UIInterfaceOrientationPortrait UIInterfaceOrientationLandscapeLeft UIInterfaceOrientationLandscapeRight";
				IPHONEOS_DEPLOYMENT_TARGET = 16.0;
				LD_RUNPATH_SEARCH_PATHS = (
					"$(inherited)",
					"@executable_path/Frameworks",
				);
				MARKETING_VERSION = 1.0;
				PRODUCT_BUNDLE_IDENTIFIER = "lea.WeatherMeApp-iOS";
				PRODUCT_NAME = "$(TARGET_NAME)";
				SWIFT_EMIT_LOC_STRINGS = YES;
				SWIFT_VERSION = 5.0;
				TARGETED_DEVICE_FAMILY = 1;
			};
			name = Debug;
		};
		1437A27D28065936007DA783 /* Release */ = {
			isa = XCBuildConfiguration;
			baseConfigurationReference = 5D09800A8E2243F2A2DE9C35 /* Pods-WeatherMeApp_iOS.release.xcconfig */;
			buildSettings = {
				ASSETCATALOG_COMPILER_APPICON_NAME = AppIcon;
				ASSETCATALOG_COMPILER_GLOBAL_ACCENT_COLOR_NAME = AccentColor;
				CODE_SIGN_ENTITLEMENTS = WeatherMeApp_iOS/WeatherMeApp_iOS.entitlements;
				CODE_SIGN_STYLE = Automatic;
				CURRENT_PROJECT_VERSION = 1;
				DEVELOPMENT_TEAM = U9A58LLD3M;
				GENERATE_INFOPLIST_FILE = YES;
				INFOPLIST_FILE = WeatherMeApp_iOS/Info.plist;
				INFOPLIST_KEY_UIApplicationSupportsIndirectInputEvents = YES;
				INFOPLIST_KEY_UILaunchStoryboardName = LaunchScreen;
				INFOPLIST_KEY_UIMainStoryboardFile = Main;
				INFOPLIST_KEY_UISupportedInterfaceOrientations = UIInterfaceOrientationPortrait;
				INFOPLIST_KEY_UISupportedInterfaceOrientations_iPad = "UIInterfaceOrientationPortrait UIInterfaceOrientationPortraitUpsideDown UIInterfaceOrientationLandscapeLeft UIInterfaceOrientationLandscapeRight";
				INFOPLIST_KEY_UISupportedInterfaceOrientations_iPhone = "UIInterfaceOrientationPortrait UIInterfaceOrientationLandscapeLeft UIInterfaceOrientationLandscapeRight";
				IPHONEOS_DEPLOYMENT_TARGET = 16.0;
				LD_RUNPATH_SEARCH_PATHS = (
					"$(inherited)",
					"@executable_path/Frameworks",
				);
				MARKETING_VERSION = 1.0;
				PRODUCT_BUNDLE_IDENTIFIER = "lea.WeatherMeApp-iOS";
				PRODUCT_NAME = "$(TARGET_NAME)";
				SWIFT_EMIT_LOC_STRINGS = YES;
				SWIFT_VERSION = 5.0;
				TARGETED_DEVICE_FAMILY = 1;
			};
			name = Release;
		};
/* End XCBuildConfiguration section */

/* Begin XCConfigurationList section */
		1437A26228065934007DA783 /* Build configuration list for PBXProject "WeatherMeApp_iOS" */ = {
			isa = XCConfigurationList;
			buildConfigurations = (
				1437A27928065936007DA783 /* Debug */,
				1437A27A28065936007DA783 /* Release */,
			);
			defaultConfigurationIsVisible = 0;
			defaultConfigurationName = Release;
		};
		1437A27B28065936007DA783 /* Build configuration list for PBXNativeTarget "WeatherMeApp_iOS" */ = {
			isa = XCConfigurationList;
			buildConfigurations = (
				1437A27C28065936007DA783 /* Debug */,
				1437A27D28065936007DA783 /* Release */,
			);
			defaultConfigurationIsVisible = 0;
			defaultConfigurationName = Release;
		};
/* End XCConfigurationList section */

/* Begin XCVersionGroup section */
		143680B02819EE8A0063306F /* WeatherDataModel.xcdatamodeld */ = {
			isa = XCVersionGroup;
			children = (
				143680B12819EE8A0063306F /* WeatherDataModel.xcdatamodel */,
			);
			currentVersion = 143680B12819EE8A0063306F /* WeatherDataModel.xcdatamodel */;
			path = WeatherDataModel.xcdatamodeld;
			sourceTree = "<group>";
			versionGroupType = wrapper.xcdatamodel;
		};
/* End XCVersionGroup section */
	};
	rootObject = 1437A25F28065934007DA783 /* Project object */;
}
